
Microsoft Visual Studio Solution File, Format Version 12.00
# Visual Studio Version 16
VisualStudioVersion = 16.0.808.1
MinimumVisualStudioVersion = 10.0.40219.1
Project("{2150E333-8FDC-42A3-9474-1A3956D46DE8}") = "src", "src", "{AEEBF52F-5ECE-4E8A-9431-16CB24D207E3}"
EndProject
Project("{2150E333-8FDC-42A3-9474-1A3956D46DE8}") = "Catalog", "Catalog", "{A217AEFE-6F44-445F-9F62-32C0E280D042}"
EndProject
Project("{FAE04EC0-301F-11D3-BF4B-00C04F79EFBC}") = "Catalog.API", "src\Catalog\Catalog.API\Catalog.API.csproj", "{B1857164-6788-46DF-AD07-70231F37A313}"
EndProject
Project("{E53339B2-1760-4266-BCC7-CA923CBCF16C}") = "docker-compose", "docker-compose.dcproj", "{6CB0C003-45EE-47AE-A6DA-AF451E82BCC1}"
EndProject
Project("{2150E333-8FDC-42A3-9474-1A3956D46DE8}") = "Basket", "Basket", "{B630225C-3378-468B-B435-7A438D62DC5D}"
EndProject
Project("{FAE04EC0-301F-11D3-BF4B-00C04F79EFBC}") = "Basket.API", "src\Basket\Basket.API\Basket.API.csproj", "{DACFD9F9-4757-469B-82C6-5D9CE6CED7F1}"
EndProject
Project("{2150E333-8FDC-42A3-9474-1A3956D46DE8}") = "Common", "Common", "{96B60C69-E5AA-4630-ACB2-21C33C280016}"
EndProject
Project("{FAE04EC0-301F-11D3-BF4B-00C04F79EFBC}") = "EventBusRabbitMQ", "src\Common\EventBusRabbitMQ\EventBusRabbitMQ.csproj", "{8610A23D-E263-409D-8B06-5B444C3D68C3}"
EndProject
Global
	GlobalSection(SolutionConfigurationPlatforms) = preSolution
		Debug|Any CPU = Debug|Any CPU
		Release|Any CPU = Release|Any CPU
	EndGlobalSection
	GlobalSection(ProjectConfigurationPlatforms) = postSolution
		{B1857164-6788-46DF-AD07-70231F37A313}.Debug|Any CPU.ActiveCfg = Debug|Any CPU
		{B1857164-6788-46DF-AD07-70231F37A313}.Debug|Any CPU.Build.0 = Debug|Any CPU
		{B1857164-6788-46DF-AD07-70231F37A313}.Release|Any CPU.ActiveCfg = Release|Any CPU
		{B1857164-6788-46DF-AD07-70231F37A313}.Release|Any CPU.Build.0 = Release|Any CPU
		{6CB0C003-45EE-47AE-A6DA-AF451E82BCC1}.Debug|Any CPU.ActiveCfg = Debug|Any CPU
		{6CB0C003-45EE-47AE-A6DA-AF451E82BCC1}.Debug|Any CPU.Build.0 = Debug|Any CPU
		{6CB0C003-45EE-47AE-A6DA-AF451E82BCC1}.Release|Any CPU.ActiveCfg = Release|Any CPU
		{6CB0C003-45EE-47AE-A6DA-AF451E82BCC1}.Release|Any CPU.Build.0 = Release|Any CPU
		{DACFD9F9-4757-469B-82C6-5D9CE6CED7F1}.Debug|Any CPU.ActiveCfg = Debug|Any CPU
		{DACFD9F9-4757-469B-82C6-5D9CE6CED7F1}.Debug|Any CPU.Build.0 = Debug|Any CPU
		{DACFD9F9-4757-469B-82C6-5D9CE6CED7F1}.Release|Any CPU.ActiveCfg = Release|Any CPU
		{DACFD9F9-4757-469B-82C6-5D9CE6CED7F1}.Release|Any CPU.Build.0 = Release|Any CPU
		{8610A23D-E263-409D-8B06-5B444C3D68C3}.Debug|Any CPU.ActiveCfg = Debug|Any CPU
		{8610A23D-E263-409D-8B06-5B444C3D68C3}.Debug|Any CPU.Build.0 = Debug|Any CPU
		{8610A23D-E263-409D-8B06-5B444C3D68C3}.Release|Any CPU.ActiveCfg = Release|Any CPU
		{8610A23D-E263-409D-8B06-5B444C3D68C3}.Release|Any CPU.Build.0 = Release|Any CPU
	EndGlobalSection
	GlobalSection(SolutionProperties) = preSolution
		HideSolutionNode = FALSE
	EndGlobalSection
	GlobalSection(ExtensibilityGlobals) = postSolution
		SolutionGuid = {3738CBE5-1CAC-4B2D-82A8-204ECB8C85EF}
	EndGlobalSection
	GlobalSection(NestedProjects) = preSolution
		{A217AEFE-6F44-445F-9F62-32C0E280D042} = {AEEBF52F-5ECE-4E8A-9431-16CB24D207E3}
		{B1857164-6788-46DF-AD07-70231F37A313} = {A217AEFE-6F44-445F-9F62-32C0E280D042}
		{B630225C-3378-468B-B435-7A438D62DC5D} = {AEEBF52F-5ECE-4E8A-9431-16CB24D207E3}
		{DACFD9F9-4757-469B-82C6-5D9CE6CED7F1} = {B630225C-3378-468B-B435-7A438D62DC5D}
		{96B60C69-E5AA-4630-ACB2-21C33C280016} = {AEEBF52F-5ECE-4E8A-9431-16CB24D207E3}
		{8610A23D-E263-409D-8B06-5B444C3D68C3} = {96B60C69-E5AA-4630-ACB2-21C33C280016}
	EndGlobalSection
EndGlobal
